// !$*UTF8*$!
{
	archiveVersion = 1;
	classes = {
	};
	objectVersion = 50;
	objects = {

/* Begin PBXBuildFile section */
		E5F02D3926B80D5E006F77D4 /* HomePage.swift in Sources */ = {isa = PBXBuildFile; fileRef = E5F02D3826B80D5E006F77D4 /* HomePage.swift */; };
		E5F02D3C26B80EE9006F77D4 /* CreateMemory.swift in Sources */ = {isa = PBXBuildFile; fileRef = E5F02D3B26B80EE9006F77D4 /* CreateMemory.swift */; };
		E5F02D4226B80F8A006F77D4 /* LogOut.swift in Sources */ = {isa = PBXBuildFile; fileRef = E5F02D4126B80F8A006F77D4 /* LogOut.swift */; };
		E5F02D4626B80FBD006F77D4 /* ProfileSettings.swift in Sources */ = {isa = PBXBuildFile; fileRef = E5F02D4526B80FBD006F77D4 /* ProfileSettings.swift */; };
		FC0971F826A9C1A5008348E2 /* AppDelegate.swift in Sources */ = {isa = PBXBuildFile; fileRef = FC0971F726A9C1A5008348E2 /* AppDelegate.swift */; };
		FC0971FA26A9C1A5008348E2 /* SceneDelegate.swift in Sources */ = {isa = PBXBuildFile; fileRef = FC0971F926A9C1A5008348E2 /* SceneDelegate.swift */; };
		FC0971FF26A9C1A5008348E2 /* Main.storyboard in Resources */ = {isa = PBXBuildFile; fileRef = FC0971FD26A9C1A5008348E2 /* Main.storyboard */; };
		FC09720226A9C1A5008348E2 /* Group2Project.xcdatamodeld in Sources */ = {isa = PBXBuildFile; fileRef = FC09720026A9C1A5008348E2 /* Group2Project.xcdatamodeld */; };
		FC09720426A9C1A6008348E2 /* Assets.xcassets in Resources */ = {isa = PBXBuildFile; fileRef = FC09720326A9C1A6008348E2 /* Assets.xcassets */; };
		FC09720726A9C1A6008348E2 /* LaunchScreen.storyboard in Resources */ = {isa = PBXBuildFile; fileRef = FC09720526A9C1A6008348E2 /* LaunchScreen.storyboard */; };
		FC12725926B840C500BF558B /* ViewController.swift in Sources */ = {isa = PBXBuildFile; fileRef = FC12725826B840C500BF558B /* ViewController.swift */; };
		FC12725C26B840E100BF558B /* LoginViewController.swift in Sources */ = {isa = PBXBuildFile; fileRef = FC12725B26B840E100BF558B /* LoginViewController.swift */; };
		FC12725F26B8435100BF558B /* SignUpViewController.swift in Sources */ = {isa = PBXBuildFile; fileRef = FC12725E26B8435100BF558B /* SignUpViewController.swift */; };
		FC12726826B8442D00BF558B /* MapViewCotroller.swift in Sources */ = {isa = PBXBuildFile; fileRef = FC12726726B8442D00BF558B /* MapViewCotroller.swift */; };
		FCACDFB526B853BC00503C42 /* MyTabBarController.swift in Sources */ = {isa = PBXBuildFile; fileRef = FCACDFB426B853BC00503C42 /* MyTabBarController.swift */; };
		FCB7841026B8E77800EB84C9 /* ImagePicker.swift in Sources */ = {isa = PBXBuildFile; fileRef = FCB7840F26B8E77800EB84C9 /* ImagePicker.swift */; };
/* End PBXBuildFile section */

/* Begin PBXFileReference section */
		E5F02D3826B80D5E006F77D4 /* HomePage.swift */ = {isa = PBXFileReference; lastKnownFileType = sourcecode.swift; path = HomePage.swift; sourceTree = "<group>"; };
		E5F02D3B26B80EE9006F77D4 /* CreateMemory.swift */ = {isa = PBXFileReference; lastKnownFileType = sourcecode.swift; path = CreateMemory.swift; sourceTree = "<group>"; };
		E5F02D4126B80F8A006F77D4 /* LogOut.swift */ = {isa = PBXFileReference; lastKnownFileType = sourcecode.swift; path = LogOut.swift; sourceTree = "<group>"; };
		E5F02D4526B80FBD006F77D4 /* ProfileSettings.swift */ = {isa = PBXFileReference; lastKnownFileType = sourcecode.swift; path = ProfileSettings.swift; sourceTree = "<group>"; };
		FC0971F426A9C1A5008348E2 /* Group2Project.app */ = {isa = PBXFileReference; explicitFileType = wrapper.application; includeInIndex = 0; path = Group2Project.app; sourceTree = BUILT_PRODUCTS_DIR; };
		FC0971F726A9C1A5008348E2 /* AppDelegate.swift */ = {isa = PBXFileReference; lastKnownFileType = sourcecode.swift; path = AppDelegate.swift; sourceTree = "<group>"; };
		FC0971F926A9C1A5008348E2 /* SceneDelegate.swift */ = {isa = PBXFileReference; lastKnownFileType = sourcecode.swift; path = SceneDelegate.swift; sourceTree = "<group>"; };
		FC0971FE26A9C1A5008348E2 /* Base */ = {isa = PBXFileReference; lastKnownFileType = file.storyboard; name = Base; path = Base.lproj/Main.storyboard; sourceTree = "<group>"; };
		FC09720126A9C1A5008348E2 /* Group2Project.xcdatamodel */ = {isa = PBXFileReference; lastKnownFileType = wrapper.xcdatamodel; path = Group2Project.xcdatamodel; sourceTree = "<group>"; };
		FC09720326A9C1A6008348E2 /* Assets.xcassets */ = {isa = PBXFileReference; lastKnownFileType = folder.assetcatalog; path = Assets.xcassets; sourceTree = "<group>"; };
		FC09720626A9C1A6008348E2 /* Base */ = {isa = PBXFileReference; lastKnownFileType = file.storyboard; name = Base; path = Base.lproj/LaunchScreen.storyboard; sourceTree = "<group>"; };
		FC09720826A9C1A6008348E2 /* Info.plist */ = {isa = PBXFileReference; lastKnownFileType = text.plist.xml; path = Info.plist; sourceTree = "<group>"; };
		FC12725826B840C500BF558B /* ViewController.swift */ = {isa = PBXFileReference; fileEncoding = 4; lastKnownFileType = sourcecode.swift; path = ViewController.swift; sourceTree = "<group>"; };
		FC12725B26B840E100BF558B /* LoginViewController.swift */ = {isa = PBXFileReference; lastKnownFileType = sourcecode.swift; path = LoginViewController.swift; sourceTree = "<group>"; };
		FC12725E26B8435100BF558B /* SignUpViewController.swift */ = {isa = PBXFileReference; lastKnownFileType = sourcecode.swift; path = SignUpViewController.swift; sourceTree = "<group>"; };
		FC12726726B8442D00BF558B /* MapViewCotroller.swift */ = {isa = PBXFileReference; lastKnownFileType = sourcecode.swift; path = MapViewCotroller.swift; sourceTree = "<group>"; };
		FCACDFB426B853BC00503C42 /* MyTabBarController.swift */ = {isa = PBXFileReference; lastKnownFileType = sourcecode.swift; path = MyTabBarController.swift; sourceTree = "<group>"; };
		FCB7840F26B8E77800EB84C9 /* ImagePicker.swift */ = {isa = PBXFileReference; lastKnownFileType = sourcecode.swift; path = ImagePicker.swift; sourceTree = "<group>"; };
/* End PBXFileReference section */

/* Begin PBXFrameworksBuildPhase section */
		FC0971F126A9C1A5008348E2 /* Frameworks */ = {
			isa = PBXFrameworksBuildPhase;
			buildActionMask = 2147483647;
			files = (
			);
			runOnlyForDeploymentPostprocessing = 0;
		};
/* End PBXFrameworksBuildPhase section */

/* Begin PBXGroup section */
		FC0971EB26A9C1A5008348E2 = {
			isa = PBXGroup;
			children = (
				FCB7840E26B8E76500EB84C9 /* Object */,
				FC12725726B8405C00BF558B /* ViewController */,
				FC0971F626A9C1A5008348E2 /* Group2Project */,
				FC0971F526A9C1A5008348E2 /* Products */,
			);
			sourceTree = "<group>";
		};
		FC0971F526A9C1A5008348E2 /* Products */ = {
			isa = PBXGroup;
			children = (
				FC0971F426A9C1A5008348E2 /* Group2Project.app */,
			);
			name = Products;
			sourceTree = "<group>";
		};
		FC0971F626A9C1A5008348E2 /* Group2Project */ = {
			isa = PBXGroup;
			children = (
				FC0971F726A9C1A5008348E2 /* AppDelegate.swift */,
				FC0971F926A9C1A5008348E2 /* SceneDelegate.swift */,
				FC0971FD26A9C1A5008348E2 /* Main.storyboard */,
				FC09720326A9C1A6008348E2 /* Assets.xcassets */,
				FC09720526A9C1A6008348E2 /* LaunchScreen.storyboard */,
				FC09720826A9C1A6008348E2 /* Info.plist */,
				FC09720026A9C1A5008348E2 /* Group2Project.xcdatamodeld */,
			);
			path = Group2Project;
			sourceTree = "<group>";
		};
		FC12725726B8405C00BF558B /* ViewController */ = {
			isa = PBXGroup;
			children = (
				E5F02D3826B80D5E006F77D4 /* HomePage.swift */,
				E5F02D3B26B80EE9006F77D4 /* CreateMemory.swift */,
				E5F02D4526B80FBD006F77D4 /* ProfileSettings.swift */,
				E5F02D4126B80F8A006F77D4 /* LogOut.swift */,
				FC12725826B840C500BF558B /* ViewController.swift */,
				FC12725B26B840E100BF558B /* LoginViewController.swift */,
				FC12725E26B8435100BF558B /* SignUpViewController.swift */,
				FC12726726B8442D00BF558B /* MapViewCotroller.swift */,
				FCACDFB426B853BC00503C42 /* MyTabBarController.swift */,
			);
			path = ViewController;
			sourceTree = "<group>";
		};
		FCB7840E26B8E76500EB84C9 /* Object */ = {
			isa = PBXGroup;
			children = (
				FCB7840F26B8E77800EB84C9 /* ImagePicker.swift */,
			);
			path = Object;
			sourceTree = "<group>";
		};
/* End PBXGroup section */

/* Begin PBXNativeTarget section */
		FC0971F326A9C1A5008348E2 /* Group2Project */ = {
			isa = PBXNativeTarget;
			buildConfigurationList = FC09720B26A9C1A6008348E2 /* Build configuration list for PBXNativeTarget "Group2Project" */;
			buildPhases = (
				FC0971F026A9C1A5008348E2 /* Sources */,
				FC0971F126A9C1A5008348E2 /* Frameworks */,
				FC0971F226A9C1A5008348E2 /* Resources */,
			);
			buildRules = (
			);
			dependencies = (
			);
			name = Group2Project;
			productName = Group2Project;
			productReference = FC0971F426A9C1A5008348E2 /* Group2Project.app */;
			productType = "com.apple.product-type.application";
		};
/* End PBXNativeTarget section */

/* Begin PBXProject section */
		FC0971EC26A9C1A5008348E2 /* Project object */ = {
			isa = PBXProject;
			attributes = {
				LastSwiftUpdateCheck = 1240;
				LastUpgradeCheck = 1240;
				TargetAttributes = {
					FC0971F326A9C1A5008348E2 = {
						CreatedOnToolsVersion = 12.4;
					};
				};
			};
			buildConfigurationList = FC0971EF26A9C1A5008348E2 /* Build configuration list for PBXProject "Group2Project" */;
			compatibilityVersion = "Xcode 9.3";
			developmentRegion = en;
			hasScannedForEncodings = 0;
			knownRegions = (
				en,
				Base,
			);
			mainGroup = FC0971EB26A9C1A5008348E2;
			productRefGroup = FC0971F526A9C1A5008348E2 /* Products */;
			projectDirPath = "";
			projectRoot = "";
			targets = (
				FC0971F326A9C1A5008348E2 /* Group2Project */,
			);
		};
/* End PBXProject section */

/* Begin PBXResourcesBuildPhase section */
		FC0971F226A9C1A5008348E2 /* Resources */ = {
			isa = PBXResourcesBuildPhase;
			buildActionMask = 2147483647;
			files = (
				FC09720726A9C1A6008348E2 /* LaunchScreen.storyboard in Resources */,
				FC09720426A9C1A6008348E2 /* Assets.xcassets in Resources */,
				FC0971FF26A9C1A5008348E2 /* Main.storyboard in Resources */,
			);
			runOnlyForDeploymentPostprocessing = 0;
		};
/* End PBXResourcesBuildPhase section */

/* Begin PBXSourcesBuildPhase section */
		FC0971F026A9C1A5008348E2 /* Sources */ = {
			isa = PBXSourcesBuildPhase;
			buildActionMask = 2147483647;
			files = (
				FCB7841026B8E77800EB84C9 /* ImagePicker.swift in Sources */,
				FC12726826B8442D00BF558B /* MapViewCotroller.swift in Sources */,
				FC12725C26B840E100BF558B /* LoginViewController.swift in Sources */,
				E5F02D3C26B80EE9006F77D4 /* CreateMemory.swift in Sources */,
				E5F02D4226B80F8A006F77D4 /* LogOut.swift in Sources */,
				E5F02D4626B80FBD006F77D4 /* ProfileSettings.swift in Sources */,
				FCACDFB526B853BC00503C42 /* MyTabBarController.swift in Sources */,
				FC12725F26B8435100BF558B /* SignUpViewController.swift in Sources */,
				FC12725926B840C500BF558B /* ViewController.swift in Sources */,
				E5F02D3926B80D5E006F77D4 /* HomePage.swift in Sources */,
				FC09720226A9C1A5008348E2 /* Group2Project.xcdatamodeld in Sources */,
				FC0971F826A9C1A5008348E2 /* AppDelegate.swift in Sources */,
				FC0971FA26A9C1A5008348E2 /* SceneDelegate.swift in Sources */,
			);
			runOnlyForDeploymentPostprocessing = 0;
		};
/* End PBXSourcesBuildPhase section */

/* Begin PBXVariantGroup section */
		FC0971FD26A9C1A5008348E2 /* Main.storyboard */ = {
			isa = PBXVariantGroup;
			children = (
				FC0971FE26A9C1A5008348E2 /* Base */,
			);
			name = Main.storyboard;
			sourceTree = "<group>";
		};
		FC09720526A9C1A6008348E2 /* LaunchScreen.storyboard */ = {
			isa = PBXVariantGroup;
			children = (
				FC09720626A9C1A6008348E2 /* Base */,
			);
			name = LaunchScreen.storyboard;
			sourceTree = "<group>";
		};
/* End PBXVariantGroup section */

/* Begin XCBuildConfiguration section */
		FC09720926A9C1A6008348E2 /* Debug */ = {
			isa = XCBuildConfiguration;
			buildSettings = {
				ALWAYS_SEARCH_USER_PATHS = NO;
				CLANG_ANALYZER_NONNULL = YES;
				CLANG_ANALYZER_NUMBER_OBJECT_CONVERSION = YES_AGGRESSIVE;
				CLANG_CXX_LANGUAGE_STANDARD = "gnu++14";
				CLANG_CXX_LIBRARY = "libc++";
				CLANG_ENABLE_MODULES = YES;
				CLANG_ENABLE_OBJC_ARC = YES;
				CLANG_ENABLE_OBJC_WEAK = YES;
				CLANG_WARN_BLOCK_CAPTURE_AUTORELEASING = YES;
				CLANG_WARN_BOOL_CONVERSION = YES;
				CLANG_WARN_COMMA = YES;
				CLANG_WARN_CONSTANT_CONVERSION = YES;
				CLANG_WARN_DEPRECATED_OBJC_IMPLEMENTATIONS = YES;
				CLANG_WARN_DIRECT_OBJC_ISA_USAGE = YES_ERROR;
				CLANG_WARN_DOCUMENTATION_COMMENTS = YES;
				CLANG_WARN_EMPTY_BODY = YES;
				CLANG_WARN_ENUM_CONVERSION = YES;
				CLANG_WARN_INFINITE_RECURSION = YES;
				CLANG_WARN_INT_CONVERSION = YES;
				CLANG_WARN_NON_LITERAL_NULL_CONVERSION = YES;
				CLANG_WARN_OBJC_IMPLICIT_RETAIN_SELF = YES;
				CLANG_WARN_OBJC_LITERAL_CONVERSION = YES;
				CLANG_WARN_OBJC_ROOT_CLASS = YES_ERROR;
				CLANG_WARN_QUOTED_INCLUDE_IN_FRAMEWORK_HEADER = YES;
				CLANG_WARN_RANGE_LOOP_ANALYSIS = YES;
				CLANG_WARN_STRICT_PROTOTYPES = YES;
				CLANG_WARN_SUSPICIOUS_MOVE = YES;
				CLANG_WARN_UNGUARDED_AVAILABILITY = YES_AGGRESSIVE;
				CLANG_WARN_UNREACHABLE_CODE = YES;
				CLANG_WARN__DUPLICATE_METHOD_MATCH = YES;
				COPY_PHASE_STRIP = NO;
				DEBUG_INFORMATION_FORMAT = dwarf;
				ENABLE_STRICT_OBJC_MSGSEND = YES;
				ENABLE_TESTABILITY = YES;
				GCC_C_LANGUAGE_STANDARD = gnu11;
				GCC_DYNAMIC_NO_PIC = NO;
				GCC_NO_COMMON_BLOCKS = YES;
				GCC_OPTIMIZATION_LEVEL = 0;
				GCC_PREPROCESSOR_DEFINITIONS = (
					"DEBUG=1",
					"$(inherited)",
				);
				GCC_WARN_64_TO_32_BIT_CONVERSION = YES;
				GCC_WARN_ABOUT_RETURN_TYPE = YES_ERROR;
				GCC_WARN_UNDECLARED_SELECTOR = YES;
				GCC_WARN_UNINITIALIZED_AUTOS = YES_AGGRESSIVE;
				GCC_WARN_UNUSED_FUNCTION = YES;
				GCC_WARN_UNUSED_VARIABLE = YES;
				IPHONEOS_DEPLOYMENT_TARGET = 14.4;
				MTL_ENABLE_DEBUG_INFO = INCLUDE_SOURCE;
				MTL_FAST_MATH = YES;
				ONLY_ACTIVE_ARCH = YES;
				SDKROOT = iphoneos;
				SWIFT_ACTIVE_COMPILATION_CONDITIONS = DEBUG;
				SWIFT_OPTIMIZATION_LEVEL = "-Onone";
			};
			name = Debug;
		};
		FC09720A26A9C1A6008348E2 /* Release */ = {
			isa = XCBuildConfiguration;
			buildSettings = {
				ALWAYS_SEARCH_USER_PATHS = NO;
				CLANG_ANALYZER_NONNULL = YES;
				CLANG_ANALYZER_NUMBER_OBJECT_CONVERSION = YES_AGGRESSIVE;
				CLANG_CXX_LANGUAGE_STANDARD = "gnu++14";
				CLANG_CXX_LIBRARY = "libc++";
				CLANG_ENABLE_MODULES = YES;
				CLANG_ENABLE_OBJC_ARC = YES;
				CLANG_ENABLE_OBJC_WEAK = YES;
				CLANG_WARN_BLOCK_CAPTURE_AUTORELEASING = YES;
				CLANG_WARN_BOOL_CONVERSION = YES;
				CLANG_WARN_COMMA = YES;
				CLANG_WARN_CONSTANT_CONVERSION = YES;
				CLANG_WARN_DEPRECATED_OBJC_IMPLEMENTATIONS = YES;
				CLANG_WARN_DIRECT_OBJC_ISA_USAGE = YES_ERROR;
				CLANG_WARN_DOCUMENTATION_COMMENTS = YES;
				CLANG_WARN_EMPTY_BODY = YES;
				CLANG_WARN_ENUM_CONVERSION = YES;
				CLANG_WARN_INFINITE_RECURSION = YES;
				CLANG_WARN_INT_CONVERSION = YES;
				CLANG_WARN_NON_LITERAL_NULL_CONVERSION = YES;
				CLANG_WARN_OBJC_IMPLICIT_RETAIN_SELF = YES;
				CLANG_WARN_OBJC_LITERAL_CONVERSION = YES;
				CLANG_WARN_OBJC_ROOT_CLASS = YES_ERROR;
				CLANG_WARN_QUOTED_INCLUDE_IN_FRAMEWORK_HEADER = YES;
				CLANG_WARN_RANGE_LOOP_ANALYSIS = YES;
				CLANG_WARN_STRICT_PROTOTYPES = YES;
				CLANG_WARN_SUSPICIOUS_MOVE = YES;
				CLANG_WARN_UNGUARDED_AVAILABILITY = YES_AGGRESSIVE;
				CLANG_WARN_UNREACHABLE_CODE = YES;
				CLANG_WARN__DUPLICATE_METHOD_MATCH = YES;
				COPY_PHASE_STRIP = NO;
				DEBUG_INFORMATION_FORMAT = "dwarf-with-dsym";
				ENABLE_NS_ASSERTIONS = NO;
				ENABLE_STRICT_OBJC_MSGSEND = YES;
				GCC_C_LANGUAGE_STANDARD = gnu11;
				GCC_NO_COMMON_BLOCKS = YES;
				GCC_WARN_64_TO_32_BIT_CONVERSION = YES;
				GCC_WARN_ABOUT_RETURN_TYPE = YES_ERROR;
				GCC_WARN_UNDECLARED_SELECTOR = YES;
				GCC_WARN_UNINITIALIZED_AUTOS = YES_AGGRESSIVE;
				GCC_WARN_UNUSED_FUNCTION = YES;
				GCC_WARN_UNUSED_VARIABLE = YES;
				IPHONEOS_DEPLOYMENT_TARGET = 14.4;
				MTL_ENABLE_DEBUG_INFO = NO;
				MTL_FAST_MATH = YES;
				SDKROOT = iphoneos;
				SWIFT_COMPILATION_MODE = wholemodule;
				SWIFT_OPTIMIZATION_LEVEL = "-O";
				VALIDATE_PRODUCT = YES;
			};
			name = Release;
		};
		FC09720C26A9C1A6008348E2 /* Debug */ = {
			isa = XCBuildConfiguration;
			buildSettings = {
				ASSETCATALOG_COMPILER_APPICON_NAME = AppIcon;
				ASSETCATALOG_COMPILER_GLOBAL_ACCENT_COLOR_NAME = AccentColor;
				CODE_SIGN_STYLE = Automatic;
				INFOPLIST_FILE = Group2Project/Info.plist;
				LD_RUNPATH_SEARCH_PATHS = (
					"$(inherited)",
					"@executable_path/Frameworks",
				);
				PRODUCT_BUNDLE_IDENTIFIER = com.group2p.Group2Project;
				PRODUCT_NAME = "$(TARGET_NAME)";
				SWIFT_VERSION = 5.0;
				TARGETED_DEVICE_FAMILY = "1,2";
			};
			name = Debug;
		};
		FC09720D26A9C1A6008348E2 /* Release */ = {
			isa = XCBuildConfiguration;
			buildSettings = {
				ASSETCATALOG_COMPILER_APPICON_NAME = AppIcon;
				ASSETCATALOG_COMPILER_GLOBAL_ACCENT_COLOR_NAME = AccentColor;
				CODE_SIGN_STYLE = Automatic;
				INFOPLIST_FILE = Group2Project/Info.plist;
				LD_RUNPATH_SEARCH_PATHS = (
					"$(inherited)",
					"@executable_path/Frameworks",
				);
				PRODUCT_BUNDLE_IDENTIFIER = com.group2p.Group2Project;
				PRODUCT_NAME = "$(TARGET_NAME)";
				SWIFT_VERSION = 5.0;
				TARGETED_DEVICE_FAMILY = "1,2";
			};
			name = Release;
		};
/* End XCBuildConfiguration section */

/* Begin XCConfigurationList section */
		FC0971EF26A9C1A5008348E2 /* Build configuration list for PBXProject "Group2Project" */ = {
			isa = XCConfigurationList;
			buildConfigurations = (
				FC09720926A9C1A6008348E2 /* Debug */,
				FC09720A26A9C1A6008348E2 /* Release */,
			);
			defaultConfigurationIsVisible = 0;
			defaultConfigurationName = Release;
		};
		FC09720B26A9C1A6008348E2 /* Build configuration list for PBXNativeTarget "Group2Project" */ = {
			isa = XCConfigurationList;
			buildConfigurations = (
				FC09720C26A9C1A6008348E2 /* Debug */,
				FC09720D26A9C1A6008348E2 /* Release */,
			);
			defaultConfigurationIsVisible = 0;
			defaultConfigurationName = Release;
		};
/* End XCConfigurationList section */

/* Begin XCVersionGroup section */
		FC09720026A9C1A5008348E2 /* Group2Project.xcdatamodeld */ = {
			isa = XCVersionGroup;
			children = (
				FC09720126A9C1A5008348E2 /* Group2Project.xcdatamodel */,
			);
			currentVersion = FC09720126A9C1A5008348E2 /* Group2Project.xcdatamodel */;
			path = Group2Project.xcdatamodeld;
			sourceTree = "<group>";
			versionGroupType = wrapper.xcdatamodel;
		};
/* End XCVersionGroup section */
	};
	rootObject = FC0971EC26A9C1A5008348E2 /* Project object */;
}
